github.com/davecgh/go-spew v1.1.1 h1:vj9j/u1bqnvCEfJOwUhtlOARqs3+rkHYY13jYWTU97c=
github.com/davecgh/go-spew v1.1.1/go.mod h1:J7Y8YcW2NihsgmVo/mv3lAwl/skON4iLHjSsI+c5H38=
github.com/google/uuid v1.6.0 h1:NIvaJDMOsjHA8n1jAhLSgzrAzy1Hgr+hNrb57e+94F0=
github.com/google/uuid v1.6.0/go.mod h1:TIyPZe4MgqvfeYDBFedMoGGpEw/LqOeaOT+nhxU+yHo=
github.com/jimsnab/go-lane v1.15.1 h1:E6w+iZ0TuWN+FJ3CNkTh84Oj/qaG2ngW6lOqI+8VIV0=
github.com/jimsnab/go-lane v1.15.1/go.mod h1:3eDBQ5/I5ERg7fV47vf2HvUeHQifM9x5xmaFdXIbZ64=
github.com/jimsnab/go-lane v1.15.2 h1:d0Pc2PYIPv1VW7x5PWhSIvxE84rHzTzyT6Irdyy70/I=
github.com/jimsnab/go-lane v1.15.2/go.mod h1:3eDBQ5/I5ERg7fV47vf2HvUeHQifM9x5xmaFdXIbZ64=
github.com/jimsnab/go-lane v1.15.3 h1:snuYfbJb1kQsJeKHy3IEd/LXSUC657Geiu8BkKsYrQE=
github.com/jimsnab/go-lane v1.15.3/go.mod h1:3eDBQ5/I5ERg7fV47vf2HvUeHQifM9x5xmaFdXIbZ64=
github.com/jimsnab/go-lane v1.15.4 h1:5/UgkIXCYqG5I2+ffbY35DnGhRt/5y/fvjJKynMXU1M=
github.com/jimsnab/go-lane v1.15.4/go.mod h1:3eDBQ5/I5ERg7fV47vf2HvUeHQifM9x5xmaFdXIbZ64=
github.com/jimsnab/go-lane v1.15.5 h1:K1SpGu6XwfPsBzCqs3qYE4XS1qkbNa/dNfVtx62hwEE=
github.com/jimsnab/go-lane v1.15.5/go.mod h1:3eDBQ5/I5ERg7fV47vf2HvUeHQifM9x5xmaFdXIbZ64=
github.com/jimsnab/go-lane v1.15.7 h1:xD7tQPj0MluCum9fGTgMlEKb0RPgEku15tNGbDiLIlI=
github.com/jimsnab/go-lane v1.15.7/go.mod h1:3eDBQ5/I5ERg7fV47vf2HvUeHQifM9x5xmaFdXIbZ64=
github.com/jimsnab/go-lane v1.16.0 h1:7xaplK67hXHXSapzQjfQiGiW1EGGDdWDKA/vhFs8AnU=
github.com/jimsnab/go-lane v1.16.0/go.mod h1:3eDBQ5/I5ERg7fV47vf2HvUeHQifM9x5xmaFdXIbZ64=
github.com/jimsnab/go-lane v1.17.0 h1:/9zwIuT6E6GRCCfOhHTu0eOj/m4hO8XPLHt/Dg4pFp0=
github.com/jimsnab/go-lane v1.17.0/go.mod h1:3eDBQ5/I5ERg7fV47vf2HvUeHQifM9x5xmaFdXIbZ64=
github.com/jimsnab/go-lane v1.18.0 h1:pyUYVuN1X+GsZOLOLvGQbevcQxAcrCbHtgTiekPNGSQ=
github.com/jimsnab/go-lane v1.18.0/go.mod h1:3eDBQ5/I5ERg7fV47vf2HvUeHQifM9x5xmaFdXIbZ64=
github.com/jimsnab/go-lane v1.18.1 h1:EQLebHXtSAhZ741cOhw1O+23FN4mjr/8l8xp3mOTus8=
github.com/jimsnab/go-lane v1.18.1/go.mod h1:3eDBQ5/I5ERg7fV47vf2HvUeHQifM9x5xmaFdXIbZ64=
github.com/opensearch-project/opensearch-go/v3 v3.0.0 h1:KBaZC2qjTMX651JKmTPopW0D1VsZvqydlNBMQWaeI7w=
github.com/opensearch-project/opensearch-go/v3 v3.0.0/go.mod h1:Au5KA380eWrGAYOYh19Ql7wIjysm5Q+V4BSYUHpXuj0=
github.com/pmezard/go-difflib v1.0.0 h1:4DBwDE0NGyQoBHbLQYPwSUPoCMWR5BEzIk/f1lZbAQM=
github.com/pmezard/go-difflib v1.0.0/go.mod h1:iKH77koFhYxTK1pcRnkKkqfTogsbg7gZNVY4sRDYZ/4=
github.com/stretchr/testify v1.8.4 h1:CcVxjf3Q8PM0mHUKJCdn+eZZtm5yQwehR5yeSVQQcUk=
github.com/stretchr/testify v1.8.4/go.mod h1:sz/lmYIOXD/1dqDmKjjqLyZ2RngseejIcXlSw2iwfAo=
github.com/wI2L/jsondiff v0.4.0 h1:iP56F9tK83eiLttg3YdmEENtZnwlYd3ezEpNNnfZVyM=
github.com/wI2L/jsondiff v0.4.0/go.mod h1:nR/vyy1efuDeAtMwc3AF6nZf/2LD1ID8GTyyJ+K8YB0=
gopkg.in/yaml.v3 v3.0.1 h1:fxVm/GzAzEWqLHuvctI91KS9hhNmmWOoWu0XTYJS7CA=
gopkg.in/yaml.v3 v3.0.1/go.mod h1:K4uyk7z7BCEPqu6E+C64Yfv1cQ7kz7rIZviUmN+EgEM=
