github.com/davecgh/go-spew v1.1.1 h1:vj9j/u1bqnvCEfJOwUhtlOARqs3+rkHYY13jYWTU97c=
github.com/davecgh/go-spew v1.1.1/go.mod h1:J7Y8YcW2NihsgmVo/mv3lAwl/skON4iLHjSsI+c5H38=
github.com/google/uuid v1.6.0 h1:NIvaJDMOsjHA8n1jAhLSgzrAzy1Hgr+hNrb57e+94F0=
github.com/google/uuid v1.6.0/go.mod h1:TIyPZe4MgqvfeYDBFedMoGGpEw/LqOeaOT+nhxU+yHo=
github.com/jimsnab/go-lane v1.24.1 h1:G4oQhVh/ufF+Nlv9kIBLYcY0atRZwjVDhvC0FcxqB2Y=
github.com/jimsnab/go-lane v1.24.1/go.mod h1:PoIcM/onjPN/aPu7e+qU9iKTtK/tS6lnfPJo0H7jl+k=
github.com/opensearch-project/opensearch-go/v3 v3.1.0 h1:7EghS/+dCYD6PrsXjfIf3fvMOObkPtrDJVbovlNl3sY=
github.com/opensearch-project/opensearch-go/v3 v3.1.0/go.mod h1:9UWs3sbIESBpsGlfhTmj5PXm3tXvgxRan4D+W9d700Q=
github.com/pmezard/go-difflib v1.0.0 h1:4DBwDE0NGyQoBHbLQYPwSUPoCMWR5BEzIk/f1lZbAQM=
github.com/pmezard/go-difflib v1.0.0/go.mod h1:iKH77koFhYxTK1pcRnkKkqfTogsbg7gZNVY4sRDYZ/4=
github.com/stretchr/testify v1.9.0 h1:HtqpIVDClZ4nwg75+f6Lvsy/wHu+3BoSGCbBAcpTsTg=
github.com/stretchr/testify v1.9.0/go.mod h1:r2ic/lqez/lEtzL7wO/rwa5dbSLXVDPFyf8C91i36aY=
github.com/wI2L/jsondiff v0.4.0 h1:iP56F9tK83eiLttg3YdmEENtZnwlYd3ezEpNNnfZVyM=
github.com/wI2L/jsondiff v0.4.0/go.mod h1:nR/vyy1efuDeAtMwc3AF6nZf/2LD1ID8GTyyJ+K8YB0=
gopkg.in/yaml.v3 v3.0.1 h1:fxVm/GzAzEWqLHuvctI91KS9hhNmmWOoWu0XTYJS7CA=
gopkg.in/yaml.v3 v3.0.1/go.mod h1:K4uyk7z7BCEPqu6E+C64Yfv1cQ7kz7rIZviUmN+EgEM=
